{
  "requires": true,
  "lockfileVersion": 1,
  "dependencies": {
    "@ngrx/schematics": {
      "version": "10.0.0",
      "resolved": "https://registry.npmjs.org/@ngrx/schematics/-/schematics-10.0.0.tgz",
      "integrity": "sha512-MAZaxTEzny92ISMmHPu1djQFZRDpC875mJ2WhBQrNe66EBXIkJq7feb9/26hH1mKmOqVR83k9TpXPsJA9YimgA==",
      "dev": true
    }
  }
}
